
Microsoft Visual Studio Solution File, Format Version 12.00
Project("{2150E333-8FDC-42A3-9474-1A3956D46DE8}") = "src", "src", "{827E0CD3-B72D-47B6-A68D-7590B98EB39B}"
EndProject
Project("{FAE04EC0-301F-11D3-BF4B-00C04F79EFBC}") = "FitnessRecovery.Api", "src\FitnessRecovery.Api\FitnessRecovery.Api.csproj", "{9FAA9A2D-8C53-4B91-A53A-EC20F5C8E4AA}"
EndProject
Project("{FAE04EC0-301F-11D3-BF4B-00C04F79EFBC}") = "FitnessRecovery.Features", "src\FitnessRecovery.Features\FitnessRecovery.Features.csproj", "{5F020E54-B919-4B86-A311-8BF3EAA83D3B}"
EndProject
Project("{FAE04EC0-301F-11D3-BF4B-00C04F79EFBC}") = "FitnessRecovery.Infrastructure", "src\FitnessRecovery.Infrastructure\FitnessRecovery.Infrastructure.csproj", "{4FACEAC8-51DA-4351-ACE3-24C205B2BF58}"
EndProject
Project("{FAE04EC0-301F-11D3-BF4B-00C04F79EFBC}") = "FitnessRecovery.SharedKernel", "src\FitnessRecovery.SharedKernel\FitnessRecovery.SharedKernel.csproj", "{A09BD449-8393-46E0-8DF4-6E43374D0C99}"
EndProject
Project("{2150E333-8FDC-42A3-9474-1A3956D46DE8}") = "tests", "tests", "{0AB3BF05-4346-4AA6-1389-037BE0695223}"
EndProject
Project("{FAE04EC0-301F-11D3-BF4B-00C04F79EFBC}") = "FitnessRecovery.UnitTests", "tests\FitnessRecovery.UnitTests\FitnessRecovery.UnitTests.csproj", "{9875491A-6E90-4123-BB73-6921F26F0D38}"
EndProject
Project("{FAE04EC0-301F-11D3-BF4B-00C04F79EFBC}") = "FitnessRecovery.IntegrationTests", "tests\FitnessRecovery.IntegrationTests\FitnessRecovery.IntegrationTests.csproj", "{AF9C0EF1-C737-4221-8CC1-C26C59323C91}"
EndProject
Global
	GlobalSection(SolutionConfigurationPlatforms) = preSolution
		Debug|Any CPU = Debug|Any CPU
		Debug|x64 = Debug|x64
		Debug|x86 = Debug|x86
		Release|Any CPU = Release|Any CPU
		Release|x64 = Release|x64
		Release|x86 = Release|x86
	EndGlobalSection
	GlobalSection(ProjectConfigurationPlatforms) = postSolution
		{9FAA9A2D-8C53-4B91-A53A-EC20F5C8E4AA}.Debug|Any CPU.ActiveCfg = Debug|Any CPU
		{9FAA9A2D-8C53-4B91-A53A-EC20F5C8E4AA}.Debug|Any CPU.Build.0 = Debug|Any CPU
		{9FAA9A2D-8C53-4B91-A53A-EC20F5C8E4AA}.Debug|x64.ActiveCfg = Debug|Any CPU
		{9FAA9A2D-8C53-4B91-A53A-EC20F5C8E4AA}.Debug|x64.Build.0 = Debug|Any CPU
		{9FAA9A2D-8C53-4B91-A53A-EC20F5C8E4AA}.Debug|x86.ActiveCfg = Debug|Any CPU
		{9FAA9A2D-8C53-4B91-A53A-EC20F5C8E4AA}.Debug|x86.Build.0 = Debug|Any CPU
		{9FAA9A2D-8C53-4B91-A53A-EC20F5C8E4AA}.Release|Any CPU.ActiveCfg = Release|Any CPU
		{9FAA9A2D-8C53-4B91-A53A-EC20F5C8E4AA}.Release|Any CPU.Build.0 = Release|Any CPU
		{9FAA9A2D-8C53-4B91-A53A-EC20F5C8E4AA}.Release|x64.ActiveCfg = Release|Any CPU
		{9FAA9A2D-8C53-4B91-A53A-EC20F5C8E4AA}.Release|x64.Build.0 = Release|Any CPU
		{9FAA9A2D-8C53-4B91-A53A-EC20F5C8E4AA}.Release|x86.ActiveCfg = Release|Any CPU
		{9FAA9A2D-8C53-4B91-A53A-EC20F5C8E4AA}.Release|x86.Build.0 = Release|Any CPU
		{5F020E54-B919-4B86-A311-8BF3EAA83D3B}.Debug|Any CPU.ActiveCfg = Debug|Any CPU
		{5F020E54-B919-4B86-A311-8BF3EAA83D3B}.Debug|Any CPU.Build.0 = Debug|Any CPU
		{5F020E54-B919-4B86-A311-8BF3EAA83D3B}.Debug|x64.ActiveCfg = Debug|Any CPU
		{5F020E54-B919-4B86-A311-8BF3EAA83D3B}.Debug|x64.Build.0 = Debug|Any CPU
		{5F020E54-B919-4B86-A311-8BF3EAA83D3B}.Debug|x86.ActiveCfg = Debug|Any CPU
		{5F020E54-B919-4B86-A311-8BF3EAA83D3B}.Debug|x86.Build.0 = Debug|Any CPU
		{5F020E54-B919-4B86-A311-8BF3EAA83D3B}.Release|Any CPU.ActiveCfg = Release|Any CPU
		{5F020E54-B919-4B86-A311-8BF3EAA83D3B}.Release|Any CPU.Build.0 = Release|Any CPU
		{5F020E54-B919-4B86-A311-8BF3EAA83D3B}.Release|x64.ActiveCfg = Release|Any CPU
		{5F020E54-B919-4B86-A311-8BF3EAA83D3B}.Release|x64.Build.0 = Release|Any CPU
		{5F020E54-B919-4B86-A311-8BF3EAA83D3B}.Release|x86.ActiveCfg = Release|Any CPU
		{5F020E54-B919-4B86-A311-8BF3EAA83D3B}.Release|x86.Build.0 = Release|Any CPU
		{4FACEAC8-51DA-4351-ACE3-24C205B2BF58}.Debug|Any CPU.ActiveCfg = Debug|Any CPU
		{4FACEAC8-51DA-4351-ACE3-24C205B2BF58}.Debug|Any CPU.Build.0 = Debug|Any CPU
		{4FACEAC8-51DA-4351-ACE3-24C205B2BF58}.Debug|x64.ActiveCfg = Debug|Any CPU
		{4FACEAC8-51DA-4351-ACE3-24C205B2BF58}.Debug|x64.Build.0 = Debug|Any CPU
		{4FACEAC8-51DA-4351-ACE3-24C205B2BF58}.Debug|x86.ActiveCfg = Debug|Any CPU
		{4FACEAC8-51DA-4351-ACE3-24C205B2BF58}.Debug|x86.Build.0 = Debug|Any CPU
		{4FACEAC8-51DA-4351-ACE3-24C205B2BF58}.Release|Any CPU.ActiveCfg = Release|Any CPU
		{4FACEAC8-51DA-4351-ACE3-24C205B2BF58}.Release|Any CPU.Build.0 = Release|Any CPU
		{4FACEAC8-51DA-4351-ACE3-24C205B2BF58}.Release|x64.ActiveCfg = Release|Any CPU
		{4FACEAC8-51DA-4351-ACE3-24C205B2BF58}.Release|x64.Build.0 = Release|Any CPU
		{4FACEAC8-51DA-4351-ACE3-24C205B2BF58}.Release|x86.ActiveCfg = Release|Any CPU
		{4FACEAC8-51DA-4351-ACE3-24C205B2BF58}.Release|x86.Build.0 = Release|Any CPU
		{A09BD449-8393-46E0-8DF4-6E43374D0C99}.Debug|Any CPU.ActiveCfg = Debug|Any CPU
		{A09BD449-8393-46E0-8DF4-6E43374D0C99}.Debug|Any CPU.Build.0 = Debug|Any CPU
		{A09BD449-8393-46E0-8DF4-6E43374D0C99}.Debug|x64.ActiveCfg = Debug|Any CPU
		{A09BD449-8393-46E0-8DF4-6E43374D0C99}.Debug|x64.Build.0 = Debug|Any CPU
		{A09BD449-8393-46E0-8DF4-6E43374D0C99}.Debug|x86.ActiveCfg = Debug|Any CPU
		{A09BD449-8393-46E0-8DF4-6E43374D0C99}.Debug|x86.Build.0 = Debug|Any CPU
		{A09BD449-8393-46E0-8DF4-6E43374D0C99}.Release|Any CPU.ActiveCfg = Release|Any CPU
		{A09BD449-8393-46E0-8DF4-6E43374D0C99}.Release|Any CPU.Build.0 = Release|Any CPU
		{A09BD449-8393-46E0-8DF4-6E43374D0C99}.Release|x64.ActiveCfg = Release|Any CPU
		{A09BD449-8393-46E0-8DF4-6E43374D0C99}.Release|x64.Build.0 = Release|Any CPU
		{A09BD449-8393-46E0-8DF4-6E43374D0C99}.Release|x86.ActiveCfg = Release|Any CPU
		{A09BD449-8393-46E0-8DF4-6E43374D0C99}.Release|x86.Build.0 = Release|Any CPU
		{9875491A-6E90-4123-BB73-6921F26F0D38}.Debug|Any CPU.ActiveCfg = Debug|Any CPU
		{9875491A-6E90-4123-BB73-6921F26F0D38}.Debug|Any CPU.Build.0 = Debug|Any CPU
		{9875491A-6E90-4123-BB73-6921F26F0D38}.Debug|x64.ActiveCfg = Debug|Any CPU
		{9875491A-6E90-4123-BB73-6921F26F0D38}.Debug|x64.Build.0 = Debug|Any CPU
		{9875491A-6E90-4123-BB73-6921F26F0D38}.Debug|x86.ActiveCfg = Debug|Any CPU
		{9875491A-6E90-4123-BB73-6921F26F0D38}.Debug|x86.Build.0 = Debug|Any CPU
		{9875491A-6E90-4123-BB73-6921F26F0D38}.Release|Any CPU.ActiveCfg = Release|Any CPU
		{9875491A-6E90-4123-BB73-6921F26F0D38}.Release|Any CPU.Build.0 = Release|Any CPU
		{9875491A-6E90-4123-BB73-6921F26F0D38}.Release|x64.ActiveCfg = Release|Any CPU
		{9875491A-6E90-4123-BB73-6921F26F0D38}.Release|x64.Build.0 = Release|Any CPU
		{9875491A-6E90-4123-BB73-6921F26F0D38}.Release|x86.ActiveCfg = Release|Any CPU
		{9875491A-6E90-4123-BB73-6921F26F0D38}.Release|x86.Build.0 = Release|Any CPU
		{AF9C0EF1-C737-4221-8CC1-C26C59323C91}.Debug|Any CPU.ActiveCfg = Debug|Any CPU
		{AF9C0EF1-C737-4221-8CC1-C26C59323C91}.Debug|Any CPU.Build.0 = Debug|Any CPU
		{AF9C0EF1-C737-4221-8CC1-C26C59323C91}.Debug|x64.ActiveCfg = Debug|Any CPU
		{AF9C0EF1-C737-4221-8CC1-C26C59323C91}.Debug|x64.Build.0 = Debug|Any CPU
		{AF9C0EF1-C737-4221-8CC1-C26C59323C91}.Debug|x86.ActiveCfg = Debug|Any CPU
		{AF9C0EF1-C737-4221-8CC1-C26C59323C91}.Debug|x86.Build.0 = Debug|Any CPU
		{AF9C0EF1-C737-4221-8CC1-C26C59323C91}.Release|Any CPU.ActiveCfg = Release|Any CPU
		{AF9C0EF1-C737-4221-8CC1-C26C59323C91}.Release|Any CPU.Build.0 = Release|Any CPU
		{AF9C0EF1-C737-4221-8CC1-C26C59323C91}.Release|x64.ActiveCfg = Release|Any CPU
		{AF9C0EF1-C737-4221-8CC1-C26C59323C91}.Release|x64.Build.0 = Release|Any CPU
		{AF9C0EF1-C737-4221-8CC1-C26C59323C91}.Release|x86.ActiveCfg = Release|Any CPU
		{AF9C0EF1-C737-4221-8CC1-C26C59323C91}.Release|x86.Build.0 = Release|Any CPU
	EndGlobalSection
	GlobalSection(SolutionProperties) = preSolution
		HideSolutionNode = FALSE
	EndGlobalSection
	GlobalSection(NestedProjects) = preSolution
		{9FAA9A2D-8C53-4B91-A53A-EC20F5C8E4AA} = {827E0CD3-B72D-47B6-A68D-7590B98EB39B}
		{5F020E54-B919-4B86-A311-8BF3EAA83D3B} = {827E0CD3-B72D-47B6-A68D-7590B98EB39B}
		{4FACEAC8-51DA-4351-ACE3-24C205B2BF58} = {827E0CD3-B72D-47B6-A68D-7590B98EB39B}
		{A09BD449-8393-46E0-8DF4-6E43374D0C99} = {827E0CD3-B72D-47B6-A68D-7590B98EB39B}
		{9875491A-6E90-4123-BB73-6921F26F0D38} = {0AB3BF05-4346-4AA6-1389-037BE0695223}
		{AF9C0EF1-C737-4221-8CC1-C26C59323C91} = {0AB3BF05-4346-4AA6-1389-037BE0695223}
	EndGlobalSection
EndGlobal
